
Microsoft Visual Studio Solution File, Format Version 12.00
# Visual Studio 14
VisualStudioVersion = 14.0.25420.1
MinimumVisualStudioVersion = 10.0.40219.1
Project("{FAE04EC0-301F-11D3-BF4B-00C04F79EFBC}") = "Utilities", "Utilities\Utilities.csproj", "{0F72AA21-4435-46F0-A28C-217091515E13}"
EndProject
Project("{FAE04EC0-301F-11D3-BF4B-00C04F79EFBC}") = "UtilitiesTest", "UtilitiesTest\UtilitiesTest.csproj", "{B4A34B74-9813-49AD-BA35-6A40D45395F9}"
EndProject
Global
	GlobalSection(SolutionConfigurationPlatforms) = preSolution
		Debug|Any CPU = Debug|Any CPU
		Release|Any CPU = Release|Any CPU
	EndGlobalSection
	GlobalSection(ProjectConfigurationPlatforms) = postSolution
		{0F72AA21-4435-46F0-A28C-217091515E13}.Debug|Any CPU.ActiveCfg = Debug|Any CPU
		{0F72AA21-4435-46F0-A28C-217091515E13}.Debug|Any CPU.Build.0 = Debug|Any CPU
		{0F72AA21-4435-46F0-A28C-217091515E13}.Release|Any CPU.ActiveCfg = Release|Any CPU
		{0F72AA21-4435-46F0-A28C-217091515E13}.Release|Any CPU.Build.0 = Release|Any CPU
		{B4A34B74-9813-49AD-BA35-6A40D45395F9}.Debug|Any CPU.ActiveCfg = Debug|Any CPU
		{B4A34B74-9813-49AD-BA35-6A40D45395F9}.Debug|Any CPU.Build.0 = Debug|Any CPU
		{B4A34B74-9813-49AD-BA35-6A40D45395F9}.Release|Any CPU.ActiveCfg = Release|Any CPU
		{B4A34B74-9813-49AD-BA35-6A40D45395F9}.Release|Any CPU.Build.0 = Release|Any CPU
	EndGlobalSection
	GlobalSection(SolutionProperties) = preSolution
		HideSolutionNode = FALSE
	EndGlobalSection
EndGlobal
